
Microsoft Visual Studio Solution File, Format Version 12.00
# Visual Studio Version 17
VisualStudioVersion = 17.11.35303.130
MinimumVisualStudioVersion = 10.0.40219.1
Project("{2150E333-8FDC-42A3-9474-1A3956D46DE8}") = "src", "src", "{1CC70E33-89E7-40A3-8000-76FF95C22A6E}"
EndProject
Project("{2150E333-8FDC-42A3-9474-1A3956D46DE8}") = "tests", "tests", "{C5C16157-1DE4-4744-ADB3-3AE84492883A}"
EndProject
Project("{2150E333-8FDC-42A3-9474-1A3956D46DE8}") = "Core", "Core", "{00C57856-C986-4A77-B4EC-B6A897604567}"
EndProject
Project("{2150E333-8FDC-42A3-9474-1A3956D46DE8}") = "Infraestructure", "Infraestructure", "{F24CB102-2588-4878-B698-295DDBCF4380}"
EndProject
Project("{2150E333-8FDC-42A3-9474-1A3956D46DE8}") = "Presentation", "Presentation", "{2587F4BD-AD7B-4EF1-B8A8-8F8FEAA6F302}"
EndProject
Project("{2150E333-8FDC-42A3-9474-1A3956D46DE8}") = "Shared", "Shared", "{F2A292B6-1A91-4CED-B346-B11F14D547A0}"
EndProject
Project("{9A19103F-16F7-4668-BE54-9A1E7A4F7556}") = "Domain", "src\Core\Domain\Domain.csproj", "{4C0FCFB8-2558-49A4-B0BC-21D21F8534D1}"
EndProject
Project("{9A19103F-16F7-4668-BE54-9A1E7A4F7556}") = "Application", "src\Core\Application\Application.csproj", "{DF6C6D8B-06F3-4CD8-8CCD-8F808794D88B}"
EndProject
Project("{9A19103F-16F7-4668-BE54-9A1E7A4F7556}") = "Repository", "src\Infraestructure\Repository\Repository.csproj", "{D87635E0-6631-40ED-AA54-D8F2FF41B435}"
EndProject
Project("{9A19103F-16F7-4668-BE54-9A1E7A4F7556}") = "Shared", "src\Shared\Shared\Shared.csproj", "{30ABA6B2-0621-4FB3-BE9D-4E84DC7881E2}"
EndProject
Project("{9A19103F-16F7-4668-BE54-9A1E7A4F7556}") = "WebAPI", "src\Presentation\WebAPI\WebAPI.csproj", "{DF97850C-3180-4F37-A9C7-6D3E541B2B41}"
EndProject
Project("{2150E333-8FDC-42A3-9474-1A3956D46DE8}") = "Core", "Core", "{3AA118F3-A5F4-430C-8095-900BBFC13C67}"
EndProject
Project("{9A19103F-16F7-4668-BE54-9A1E7A4F7556}") = "Application.UnitTests", "tests\Core\Application.UnitTests\Application.UnitTests.csproj", "{E53906A7-5A94-414B-903C-5125EFFE4685}"
EndProject
Project("{2150E333-8FDC-42A3-9474-1A3956D46DE8}") = "Infraestructure", "Infraestructure", "{0B1F4B27-2EA6-49C2-B680-936E7562245A}"
EndProject
Project("{9A19103F-16F7-4668-BE54-9A1E7A4F7556}") = "Repository.UnitTests", "tests\Infraestructure\Repository.UnitTests\Repository.UnitTests.csproj", "{854046E4-D839-42FF-98DC-FADF9D2ACA3D}"
EndProject
Project("{2150E333-8FDC-42A3-9474-1A3956D46DE8}") = "Shared", "Shared", "{07BC51BB-7A1D-4204-9FB4-29CB742390D9}"
EndProject
Project("{9A19103F-16F7-4668-BE54-9A1E7A4F7556}") = "Shared", "tests\Shared\Shared\Shared.csproj", "{C3B053D6-7448-42DB-B2ED-EE8E10204ABF}"
EndProject
Global
	GlobalSection(SolutionConfigurationPlatforms) = preSolution
		Debug|Any CPU = Debug|Any CPU
		Release|Any CPU = Release|Any CPU
	EndGlobalSection
	GlobalSection(ProjectConfigurationPlatforms) = postSolution
		{4C0FCFB8-2558-49A4-B0BC-21D21F8534D1}.Debug|Any CPU.ActiveCfg = Debug|Any CPU
		{4C0FCFB8-2558-49A4-B0BC-21D21F8534D1}.Debug|Any CPU.Build.0 = Debug|Any CPU
		{4C0FCFB8-2558-49A4-B0BC-21D21F8534D1}.Release|Any CPU.ActiveCfg = Release|Any CPU
		{4C0FCFB8-2558-49A4-B0BC-21D21F8534D1}.Release|Any CPU.Build.0 = Release|Any CPU
		{DF6C6D8B-06F3-4CD8-8CCD-8F808794D88B}.Debug|Any CPU.ActiveCfg = Debug|Any CPU
		{DF6C6D8B-06F3-4CD8-8CCD-8F808794D88B}.Debug|Any CPU.Build.0 = Debug|Any CPU
		{DF6C6D8B-06F3-4CD8-8CCD-8F808794D88B}.Release|Any CPU.ActiveCfg = Release|Any CPU
		{DF6C6D8B-06F3-4CD8-8CCD-8F808794D88B}.Release|Any CPU.Build.0 = Release|Any CPU
		{D87635E0-6631-40ED-AA54-D8F2FF41B435}.Debug|Any CPU.ActiveCfg = Debug|Any CPU
		{D87635E0-6631-40ED-AA54-D8F2FF41B435}.Debug|Any CPU.Build.0 = Debug|Any CPU
		{D87635E0-6631-40ED-AA54-D8F2FF41B435}.Release|Any CPU.ActiveCfg = Release|Any CPU
		{D87635E0-6631-40ED-AA54-D8F2FF41B435}.Release|Any CPU.Build.0 = Release|Any CPU
		{30ABA6B2-0621-4FB3-BE9D-4E84DC7881E2}.Debug|Any CPU.ActiveCfg = Debug|Any CPU
		{30ABA6B2-0621-4FB3-BE9D-4E84DC7881E2}.Debug|Any CPU.Build.0 = Debug|Any CPU
		{30ABA6B2-0621-4FB3-BE9D-4E84DC7881E2}.Release|Any CPU.ActiveCfg = Release|Any CPU
		{30ABA6B2-0621-4FB3-BE9D-4E84DC7881E2}.Release|Any CPU.Build.0 = Release|Any CPU
		{DF97850C-3180-4F37-A9C7-6D3E541B2B41}.Debug|Any CPU.ActiveCfg = Debug|Any CPU
		{DF97850C-3180-4F37-A9C7-6D3E541B2B41}.Debug|Any CPU.Build.0 = Debug|Any CPU
		{DF97850C-3180-4F37-A9C7-6D3E541B2B41}.Release|Any CPU.ActiveCfg = Release|Any CPU
		{DF97850C-3180-4F37-A9C7-6D3E541B2B41}.Release|Any CPU.Build.0 = Release|Any CPU
		{E53906A7-5A94-414B-903C-5125EFFE4685}.Debug|Any CPU.ActiveCfg = Debug|Any CPU
		{E53906A7-5A94-414B-903C-5125EFFE4685}.Debug|Any CPU.Build.0 = Debug|Any CPU
		{E53906A7-5A94-414B-903C-5125EFFE4685}.Release|Any CPU.ActiveCfg = Release|Any CPU
		{E53906A7-5A94-414B-903C-5125EFFE4685}.Release|Any CPU.Build.0 = Release|Any CPU
		{854046E4-D839-42FF-98DC-FADF9D2ACA3D}.Debug|Any CPU.ActiveCfg = Debug|Any CPU
		{854046E4-D839-42FF-98DC-FADF9D2ACA3D}.Debug|Any CPU.Build.0 = Debug|Any CPU
		{854046E4-D839-42FF-98DC-FADF9D2ACA3D}.Release|Any CPU.ActiveCfg = Release|Any CPU
		{854046E4-D839-42FF-98DC-FADF9D2ACA3D}.Release|Any CPU.Build.0 = Release|Any CPU
		{C3B053D6-7448-42DB-B2ED-EE8E10204ABF}.Debug|Any CPU.ActiveCfg = Debug|Any CPU
		{C3B053D6-7448-42DB-B2ED-EE8E10204ABF}.Debug|Any CPU.Build.0 = Debug|Any CPU
		{C3B053D6-7448-42DB-B2ED-EE8E10204ABF}.Release|Any CPU.ActiveCfg = Release|Any CPU
		{C3B053D6-7448-42DB-B2ED-EE8E10204ABF}.Release|Any CPU.Build.0 = Release|Any CPU
	EndGlobalSection
	GlobalSection(SolutionProperties) = preSolution
		HideSolutionNode = FALSE
	EndGlobalSection
	GlobalSection(NestedProjects) = preSolution
		{00C57856-C986-4A77-B4EC-B6A897604567} = {1CC70E33-89E7-40A3-8000-76FF95C22A6E}
		{F24CB102-2588-4878-B698-295DDBCF4380} = {1CC70E33-89E7-40A3-8000-76FF95C22A6E}
		{2587F4BD-AD7B-4EF1-B8A8-8F8FEAA6F302} = {1CC70E33-89E7-40A3-8000-76FF95C22A6E}
		{F2A292B6-1A91-4CED-B346-B11F14D547A0} = {1CC70E33-89E7-40A3-8000-76FF95C22A6E}
		{4C0FCFB8-2558-49A4-B0BC-21D21F8534D1} = {00C57856-C986-4A77-B4EC-B6A897604567}
		{DF6C6D8B-06F3-4CD8-8CCD-8F808794D88B} = {00C57856-C986-4A77-B4EC-B6A897604567}
		{D87635E0-6631-40ED-AA54-D8F2FF41B435} = {F24CB102-2588-4878-B698-295DDBCF4380}
		{30ABA6B2-0621-4FB3-BE9D-4E84DC7881E2} = {F2A292B6-1A91-4CED-B346-B11F14D547A0}
		{DF97850C-3180-4F37-A9C7-6D3E541B2B41} = {2587F4BD-AD7B-4EF1-B8A8-8F8FEAA6F302}
		{3AA118F3-A5F4-430C-8095-900BBFC13C67} = {C5C16157-1DE4-4744-ADB3-3AE84492883A}
		{E53906A7-5A94-414B-903C-5125EFFE4685} = {3AA118F3-A5F4-430C-8095-900BBFC13C67}
		{0B1F4B27-2EA6-49C2-B680-936E7562245A} = {C5C16157-1DE4-4744-ADB3-3AE84492883A}
		{854046E4-D839-42FF-98DC-FADF9D2ACA3D} = {0B1F4B27-2EA6-49C2-B680-936E7562245A}
		{07BC51BB-7A1D-4204-9FB4-29CB742390D9} = {C5C16157-1DE4-4744-ADB3-3AE84492883A}
		{C3B053D6-7448-42DB-B2ED-EE8E10204ABF} = {07BC51BB-7A1D-4204-9FB4-29CB742390D9}
	EndGlobalSection
	GlobalSection(ExtensibilityGlobals) = postSolution
		SolutionGuid = {DD3D9149-CB3A-4BC2-977C-38155B8821EA}
	EndGlobalSection
EndGlobal
